
Microsoft Visual Studio Solution File, Format Version 12.00
# Visual Studio 2015
Project("{FAE04EC0-301F-11D3-BF4B-00C04F79EFBC}") = "Rogue-Lacyga-s-pig-tale.CSharp", "Rogue-Lacyga-s-pig-tale.CSharp.csproj", "{21184C72-AA20-80DB-553F-8F5A6F568DE1}"
EndProject
Global
	GlobalSection(SolutionConfigurationPlatforms) = preSolution
		Debug|Any CPU = Debug|Any CPU
		Release|Any CPU = Release|Any CPU
	EndGlobalSection
	GlobalSection(ProjectConfigurationPlatforms) = postSolution
		{21184C72-AA20-80DB-553F-8F5A6F568DE1}.Debug|Any CPU.ActiveCfg = Debug|Any CPU
		{21184C72-AA20-80DB-553F-8F5A6F568DE1}.Debug|Any CPU.Build.0 = Debug|Any CPU
		{21184C72-AA20-80DB-553F-8F5A6F568DE1}.Release|Any CPU.ActiveCfg = Release|Any CPU
		{21184C72-AA20-80DB-553F-8F5A6F568DE1}.Release|Any CPU.Build.0 = Release|Any CPU
	EndGlobalSection
	GlobalSection(SolutionProperties) = preSolution
		HideSolutionNode = FALSE
	EndGlobalSection
EndGlobal
